// !$*UTF8*$!
{
	archiveVersion = 1;
	classes = {
	};
	objectVersion = 46;
	objects = {

/* Begin PBXBuildFile section */
		DE06226A1B2C27B200FD88F6 /* GameController.swift in Sources */ = {isa = PBXBuildFile; fileRef = DE0622691B2C27B200FD88F6 /* GameController.swift */; };
		DE0622721B2C4E1C00FD88F6 /* AIController.swift in Sources */ = {isa = PBXBuildFile; fileRef = DE0622711B2C4E1C00FD88F6 /* AIController.swift */; };
		DE6360F51B38AAF5005EDFEB /* ticTacTow.png in Resources */ = {isa = PBXBuildFile; fileRef = DE6360F41B38AAF5005EDFEB /* ticTacTow.png */; };
		DE8F2B501B2759B400356AE7 /* AppDelegate.swift in Sources */ = {isa = PBXBuildFile; fileRef = DE8F2B4F1B2759B400356AE7 /* AppDelegate.swift */; };
		DE8F2B521B2759B400356AE7 /* MainViewController.swift in Sources */ = {isa = PBXBuildFile; fileRef = DE8F2B511B2759B400356AE7 /* MainViewController.swift */; };
		DE8F2B551B2759B400356AE7 /* Main.storyboard in Resources */ = {isa = PBXBuildFile; fileRef = DE8F2B531B2759B400356AE7 /* Main.storyboard */; };
		DE8F2B571B2759B400356AE7 /* Images.xcassets in Resources */ = {isa = PBXBuildFile; fileRef = DE8F2B561B2759B400356AE7 /* Images.xcassets */; };
		DE8F2B5A1B2759B400356AE7 /* LaunchScreen.xib in Resources */ = {isa = PBXBuildFile; fileRef = DE8F2B581B2759B400356AE7 /* LaunchScreen.xib */; };
		DE8F2B661B2759B400356AE7 /* ticTacToeTests.swift in Sources */ = {isa = PBXBuildFile; fileRef = DE8F2B651B2759B400356AE7 /* ticTacToeTests.swift */; };
		DE8F2B761B2769C000356AE7 /* GameBroad.swift in Sources */ = {isa = PBXBuildFile; fileRef = DE8F2B751B2769C000356AE7 /* GameBroad.swift */; };
		DE8F2B781B276D4C00356AE7 /* Players.swift in Sources */ = {isa = PBXBuildFile; fileRef = DE8F2B771B276D4C00356AE7 /* Players.swift */; };
		DEBB5B771B28D1E3007D6A0F /* ThreeInARow.swift in Sources */ = {isa = PBXBuildFile; fileRef = DEBB5B761B28D1E3007D6A0F /* ThreeInARow.swift */; };
		DEBDAD531B356B2000D58ECA /* TestGameController.swift in Sources */ = {isa = PBXBuildFile; fileRef = DEBDAD521B356B2000D58ECA /* TestGameController.swift */; };
		DEDE045D1B2E029200798D08 /* TwoInARow.swift in Sources */ = {isa = PBXBuildFile; fileRef = DEDE045C1B2E029200798D08 /* TwoInARow.swift */; };
		DEDE045F1B2E048A00798D08 /* TestGameBoard.swift in Sources */ = {isa = PBXBuildFile; fileRef = DEDE045E1B2E048A00798D08 /* TestGameBoard.swift */; };
		DEDE04611B2E059200798D08 /* TestThreeInARow.swift in Sources */ = {isa = PBXBuildFile; fileRef = DEDE04601B2E059200798D08 /* TestThreeInARow.swift */; };
		DEDE04631B2E05FD00798D08 /* TestTwoInARow.swift in Sources */ = {isa = PBXBuildFile; fileRef = DEDE04621B2E05FD00798D08 /* TestTwoInARow.swift */; };
		DEDE04651B2E066400798D08 /* TestPlayers.swift in Sources */ = {isa = PBXBuildFile; fileRef = DEDE04641B2E066400798D08 /* TestPlayers.swift */; };
		DEDE04671B2E076400798D08 /* TestAIController.swift in Sources */ = {isa = PBXBuildFile; fileRef = DEDE04661B2E076400798D08 /* TestAIController.swift */; };
/* End PBXBuildFile section */

/* Begin PBXContainerItemProxy section */
		DE8F2B601B2759B400356AE7 /* PBXContainerItemProxy */ = {
			isa = PBXContainerItemProxy;
			containerPortal = DE8F2B421B2759B400356AE7 /* Project object */;
			proxyType = 1;
			remoteGlobalIDString = DE8F2B491B2759B400356AE7;
			remoteInfo = ticTacToe;
		};
/* End PBXContainerItemProxy section */

/* Begin PBXFileReference section */
		DE0622691B2C27B200FD88F6 /* GameController.swift */ = {isa = PBXFileReference; fileEncoding = 4; lastKnownFileType = sourcecode.swift; path = GameController.swift; sourceTree = "<group>"; };
		DE0622711B2C4E1C00FD88F6 /* AIController.swift */ = {isa = PBXFileReference; fileEncoding = 4; lastKnownFileType = sourcecode.swift; path = AIController.swift; sourceTree = "<group>"; };
		DE6360F41B38AAF5005EDFEB /* ticTacTow.png */ = {isa = PBXFileReference; lastKnownFileType = image.png; path = ticTacTow.png; sourceTree = "<group>"; };
		DE8F2B4A1B2759B400356AE7 /* ticTacToe.app */ = {isa = PBXFileReference; explicitFileType = wrapper.application; includeInIndex = 0; path = ticTacToe.app; sourceTree = BUILT_PRODUCTS_DIR; };
		DE8F2B4E1B2759B400356AE7 /* Info.plist */ = {isa = PBXFileReference; lastKnownFileType = text.plist.xml; path = Info.plist; sourceTree = "<group>"; };
		DE8F2B4F1B2759B400356AE7 /* AppDelegate.swift */ = {isa = PBXFileReference; lastKnownFileType = sourcecode.swift; path = AppDelegate.swift; sourceTree = "<group>"; };
		DE8F2B511B2759B400356AE7 /* MainViewController.swift */ = {isa = PBXFileReference; lastKnownFileType = sourcecode.swift; path = MainViewController.swift; sourceTree = "<group>"; };
		DE8F2B541B2759B400356AE7 /* Base */ = {isa = PBXFileReference; lastKnownFileType = file.storyboard; name = Base; path = Base.lproj/Main.storyboard; sourceTree = "<group>"; };
		DE8F2B561B2759B400356AE7 /* Images.xcassets */ = {isa = PBXFileReference; lastKnownFileType = folder.assetcatalog; path = Images.xcassets; sourceTree = "<group>"; };
		DE8F2B591B2759B400356AE7 /* Base */ = {isa = PBXFileReference; lastKnownFileType = file.xib; name = Base; path = Base.lproj/LaunchScreen.xib; sourceTree = "<group>"; };
		DE8F2B5F1B2759B400356AE7 /* ticTacToeTests.xctest */ = {isa = PBXFileReference; explicitFileType = wrapper.cfbundle; includeInIndex = 0; path = ticTacToeTests.xctest; sourceTree = BUILT_PRODUCTS_DIR; };
		DE8F2B641B2759B400356AE7 /* Info.plist */ = {isa = PBXFileReference; lastKnownFileType = text.plist.xml; path = Info.plist; sourceTree = "<group>"; };
		DE8F2B651B2759B400356AE7 /* ticTacToeTests.swift */ = {isa = PBXFileReference; lastKnownFileType = sourcecode.swift; path = ticTacToeTests.swift; sourceTree = "<group>"; };
		DE8F2B751B2769C000356AE7 /* GameBroad.swift */ = {isa = PBXFileReference; fileEncoding = 4; lastKnownFileType = sourcecode.swift; path = GameBroad.swift; sourceTree = "<group>"; };
		DE8F2B771B276D4C00356AE7 /* Players.swift */ = {isa = PBXFileReference; fileEncoding = 4; lastKnownFileType = sourcecode.swift; path = Players.swift; sourceTree = "<group>"; };
		DEBB5B761B28D1E3007D6A0F /* ThreeInARow.swift */ = {isa = PBXFileReference; fileEncoding = 4; lastKnownFileType = sourcecode.swift; path = ThreeInARow.swift; sourceTree = "<group>"; };
		DEBDAD521B356B2000D58ECA /* TestGameController.swift */ = {isa = PBXFileReference; fileEncoding = 4; lastKnownFileType = sourcecode.swift; path = TestGameController.swift; sourceTree = "<group>"; };
		DEDE045C1B2E029200798D08 /* TwoInARow.swift */ = {isa = PBXFileReference; fileEncoding = 4; lastKnownFileType = sourcecode.swift; path = TwoInARow.swift; sourceTree = "<group>"; };
		DEDE045E1B2E048A00798D08 /* TestGameBoard.swift */ = {isa = PBXFileReference; fileEncoding = 4; lastKnownFileType = sourcecode.swift; path = TestGameBoard.swift; sourceTree = "<group>"; };
		DEDE04601B2E059200798D08 /* TestThreeInARow.swift */ = {isa = PBXFileReference; fileEncoding = 4; lastKnownFileType = sourcecode.swift; path = TestThreeInARow.swift; sourceTree = "<group>"; };
		DEDE04621B2E05FD00798D08 /* TestTwoInARow.swift */ = {isa = PBXFileReference; fileEncoding = 4; lastKnownFileType = sourcecode.swift; path = TestTwoInARow.swift; sourceTree = "<group>"; };
		DEDE04641B2E066400798D08 /* TestPlayers.swift */ = {isa = PBXFileReference; fileEncoding = 4; lastKnownFileType = sourcecode.swift; path = TestPlayers.swift; sourceTree = "<group>"; };
		DEDE04661B2E076400798D08 /* TestAIController.swift */ = {isa = PBXFileReference; fileEncoding = 4; lastKnownFileType = sourcecode.swift; path = TestAIController.swift; sourceTree = "<group>"; };
/* End PBXFileReference section */

/* Begin PBXFrameworksBuildPhase section */
		DE8F2B471B2759B400356AE7 /* Frameworks */ = {
			isa = PBXFrameworksBuildPhase;
			buildActionMask = 2147483647;
			files = (
			);
			runOnlyForDeploymentPostprocessing = 0;
		};
		DE8F2B5C1B2759B400356AE7 /* Frameworks */ = {
			isa = PBXFrameworksBuildPhase;
			buildActionMask = 2147483647;
			files = (
			);
			runOnlyForDeploymentPostprocessing = 0;
		};
/* End PBXFrameworksBuildPhase section */

/* Begin PBXGroup section */
		DE8F2B411B2759B400356AE7 = {
			isa = PBXGroup;
			children = (
				DE8F2B4C1B2759B400356AE7 /* ticTacToe */,
				DE8F2B621B2759B400356AE7 /* ticTacToeTests */,
				DE8F2B4B1B2759B400356AE7 /* Products */,
			);
			sourceTree = "<group>";
		};
		DE8F2B4B1B2759B400356AE7 /* Products */ = {
			isa = PBXGroup;
			children = (
				DE8F2B4A1B2759B400356AE7 /* ticTacToe.app */,
				DE8F2B5F1B2759B400356AE7 /* ticTacToeTests.xctest */,
			);
			name = Products;
			sourceTree = "<group>";
		};
		DE8F2B4C1B2759B400356AE7 /* ticTacToe */ = {
			isa = PBXGroup;
			children = (
				DE8F2B4F1B2759B400356AE7 /* AppDelegate.swift */,
				DE8F2B511B2759B400356AE7 /* MainViewController.swift */,
				DE8F2B531B2759B400356AE7 /* Main.storyboard */,
				DE8F2B561B2759B400356AE7 /* Images.xcassets */,
				DE8F2B581B2759B400356AE7 /* LaunchScreen.xib */,
				DE8F2B4D1B2759B400356AE7 /* Supporting Files */,
				DE8F2B751B2769C000356AE7 /* GameBroad.swift */,
				DE8F2B771B276D4C00356AE7 /* Players.swift */,
				DEBB5B761B28D1E3007D6A0F /* ThreeInARow.swift */,
				DE0622691B2C27B200FD88F6 /* GameController.swift */,
				DE0622711B2C4E1C00FD88F6 /* AIController.swift */,
				DEDE045C1B2E029200798D08 /* TwoInARow.swift */,
			);
			path = ticTacToe;
			sourceTree = "<group>";
		};
		DE8F2B4D1B2759B400356AE7 /* Supporting Files */ = {
			isa = PBXGroup;
			children = (
				DE6360F41B38AAF5005EDFEB /* ticTacTow.png */,
				DE8F2B4E1B2759B400356AE7 /* Info.plist */,
			);
			name = "Supporting Files";
			sourceTree = "<group>";
		};
		DE8F2B621B2759B400356AE7 /* ticTacToeTests */ = {
			isa = PBXGroup;
			children = (
				DE8F2B651B2759B400356AE7 /* ticTacToeTests.swift */,
				DE8F2B631B2759B400356AE7 /* Supporting Files */,
				DEDE045E1B2E048A00798D08 /* TestGameBoard.swift */,
				DEDE04601B2E059200798D08 /* TestThreeInARow.swift */,
				DEDE04621B2E05FD00798D08 /* TestTwoInARow.swift */,
				DEDE04641B2E066400798D08 /* TestPlayers.swift */,
				DEDE04661B2E076400798D08 /* TestAIController.swift */,
				DEBDAD521B356B2000D58ECA /* TestGameController.swift */,
			);
			path = ticTacToeTests;
			sourceTree = "<group>";
		};
		DE8F2B631B2759B400356AE7 /* Supporting Files */ = {
			isa = PBXGroup;
			children = (
				DE8F2B641B2759B400356AE7 /* Info.plist */,
			);
			name = "Supporting Files";
			sourceTree = "<group>";
		};
/* End PBXGroup section */

/* Begin PBXNativeTarget section */
		DE8F2B491B2759B400356AE7 /* ticTacToe */ = {
			isa = PBXNativeTarget;
			buildConfigurationList = DE8F2B691B2759B400356AE7 /* Build configuration list for PBXNativeTarget "ticTacToe" */;
			buildPhases = (
				DE8F2B461B2759B400356AE7 /* Sources */,
				DE8F2B471B2759B400356AE7 /* Frameworks */,
				DE8F2B481B2759B400356AE7 /* Resources */,
			);
			buildRules = (
			);
			dependencies = (
			);
			name = ticTacToe;
			productName = ticTacToe;
			productReference = DE8F2B4A1B2759B400356AE7 /* ticTacToe.app */;
			productType = "com.apple.product-type.application";
		};
		DE8F2B5E1B2759B400356AE7 /* ticTacToeTests */ = {
			isa = PBXNativeTarget;
			buildConfigurationList = DE8F2B6C1B2759B400356AE7 /* Build configuration list for PBXNativeTarget "ticTacToeTests" */;
			buildPhases = (
				DE8F2B5B1B2759B400356AE7 /* Sources */,
				DE8F2B5C1B2759B400356AE7 /* Frameworks */,
				DE8F2B5D1B2759B400356AE7 /* Resources */,
			);
			buildRules = (
			);
			dependencies = (
				DE8F2B611B2759B400356AE7 /* PBXTargetDependency */,
			);
			name = ticTacToeTests;
			productName = ticTacToeTests;
			productReference = DE8F2B5F1B2759B400356AE7 /* ticTacToeTests.xctest */;
			productType = "com.apple.product-type.bundle.unit-test";
		};
/* End PBXNativeTarget section */

/* Begin PBXProject section */
		DE8F2B421B2759B400356AE7 /* Project object */ = {
			isa = PBXProject;
			attributes = {
				LastUpgradeCheck = 0630;
				ORGANIZATIONNAME = "terry atkins";
				TargetAttributes = {
					DE8F2B491B2759B400356AE7 = {
						CreatedOnToolsVersion = 6.3.2;
					};
					DE8F2B5E1B2759B400356AE7 = {
						CreatedOnToolsVersion = 6.3.2;
						TestTargetID = DE8F2B491B2759B400356AE7;
					};
				};
			};
			buildConfigurationList = DE8F2B451B2759B400356AE7 /* Build configuration list for PBXProject "ticTacToe" */;
			compatibilityVersion = "Xcode 3.2";
			developmentRegion = English;
			hasScannedForEncodings = 0;
			knownRegions = (
				en,
				Base,
			);
			mainGroup = DE8F2B411B2759B400356AE7;
			productRefGroup = DE8F2B4B1B2759B400356AE7 /* Products */;
			projectDirPath = "";
			projectRoot = "";
			targets = (
				DE8F2B491B2759B400356AE7 /* ticTacToe */,
				DE8F2B5E1B2759B400356AE7 /* ticTacToeTests */,
			);
		};
/* End PBXProject section */

/* Begin PBXResourcesBuildPhase section */
		DE8F2B481B2759B400356AE7 /* Resources */ = {
			isa = PBXResourcesBuildPhase;
			buildActionMask = 2147483647;
			files = (
				DE8F2B551B2759B400356AE7 /* Main.storyboard in Resources */,
				DE8F2B5A1B2759B400356AE7 /* LaunchScreen.xib in Resources */,
				DE6360F51B38AAF5005EDFEB /* ticTacTow.png in Resources */,
				DE8F2B571B2759B400356AE7 /* Images.xcassets in Resources */,
			);
			runOnlyForDeploymentPostprocessing = 0;
		};
		DE8F2B5D1B2759B400356AE7 /* Resources */ = {
			isa = PBXResourcesBuildPhase;
			buildActionMask = 2147483647;
			files = (
			);
			runOnlyForDeploymentPostprocessing = 0;
		};
/* End PBXResourcesBuildPhase section */

/* Begin PBXSourcesBuildPhase section */
		DE8F2B461B2759B400356AE7 /* Sources */ = {
			isa = PBXSourcesBuildPhase;
			buildActionMask = 2147483647;
			files = (
				DEBB5B771B28D1E3007D6A0F /* ThreeInARow.swift in Sources */,
				DE0622721B2C4E1C00FD88F6 /* AIController.swift in Sources */,
				DE06226A1B2C27B200FD88F6 /* GameController.swift in Sources */,
				DE8F2B761B2769C000356AE7 /* GameBroad.swift in Sources */,
				DEDE045D1B2E029200798D08 /* TwoInARow.swift in Sources */,
				DE8F2B781B276D4C00356AE7 /* Players.swift in Sources */,
				DE8F2B521B2759B400356AE7 /* MainViewController.swift in Sources */,
				DE8F2B501B2759B400356AE7 /* AppDelegate.swift in Sources */,
			);
			runOnlyForDeploymentPostprocessing = 0;
		};
		DE8F2B5B1B2759B400356AE7 /* Sources */ = {
			isa = PBXSourcesBuildPhase;
			buildActionMask = 2147483647;
			files = (
				DEDE04631B2E05FD00798D08 /* TestTwoInARow.swift in Sources */,
				DEDE04611B2E059200798D08 /* TestThreeInARow.swift in Sources */,
				DEDE04651B2E066400798D08 /* TestPlayers.swift in Sources */,
				DEBDAD531B356B2000D58ECA /* TestGameController.swift in Sources */,
				DEDE045F1B2E048A00798D08 /* TestGameBoard.swift in Sources */,
				DE8F2B661B2759B400356AE7 /* ticTacToeTests.swift in Sources */,
				DEDE04671B2E076400798D08 /* TestAIController.swift in Sources */,
			);
			runOnlyForDeploymentPostprocessing = 0;
		};
/* End PBXSourcesBuildPhase section */

/* Begin PBXTargetDependency section */
		DE8F2B611B2759B400356AE7 /* PBXTargetDependency */ = {
			isa = PBXTargetDependency;
			target = DE8F2B491B2759B400356AE7 /* ticTacToe */;
			targetProxy = DE8F2B601B2759B400356AE7 /* PBXContainerItemProxy */;
		};
/* End PBXTargetDependency section */

/* Begin PBXVariantGroup section */
		DE8F2B531B2759B400356AE7 /* Main.storyboard */ = {
			isa = PBXVariantGroup;
			children = (
				DE8F2B541B2759B400356AE7 /* Base */,
			);
			name = Main.storyboard;
			sourceTree = "<group>";
		};
		DE8F2B581B2759B400356AE7 /* LaunchScreen.xib */ = {
			isa = PBXVariantGroup;
			children = (
				DE8F2B591B2759B400356AE7 /* Base */,
			);
			name = LaunchScreen.xib;
			sourceTree = "<group>";
		};
/* End PBXVariantGroup section */

/* Begin XCBuildConfiguration section */
		DE8F2B671B2759B400356AE7 /* Debug */ = {
			isa = XCBuildConfiguration;
			buildSettings = {
				ALWAYS_SEARCH_USER_PATHS = NO;
				CLANG_CXX_LANGUAGE_STANDARD = "gnu++0x";
				CLANG_CXX_LIBRARY = "libc++";
				CLANG_ENABLE_MODULES = YES;
				CLANG_ENABLE_OBJC_ARC = YES;
				CLANG_WARN_BOOL_CONVERSION = YES;
				CLANG_WARN_CONSTANT_CONVERSION = YES;
				CLANG_WARN_DIRECT_OBJC_ISA_USAGE = YES_ERROR;
				CLANG_WARN_EMPTY_BODY = YES;
				CLANG_WARN_ENUM_CONVERSION = YES;
				CLANG_WARN_INT_CONVERSION = YES;
				CLANG_WARN_OBJC_ROOT_CLASS = YES_ERROR;
				CLANG_WARN_UNREACHABLE_CODE = YES;
				CLANG_WARN__DUPLICATE_METHOD_MATCH = YES;
				"CODE_SIGN_IDENTITY[sdk=iphoneos*]" = "iPhone Developer";
				COPY_PHASE_STRIP = NO;
				DEBUG_INFORMATION_FORMAT = "dwarf-with-dsym";
				ENABLE_STRICT_OBJC_MSGSEND = YES;
				GCC_C_LANGUAGE_STANDARD = gnu99;
				GCC_DYNAMIC_NO_PIC = NO;
				GCC_NO_COMMON_BLOCKS = YES;
				GCC_OPTIMIZATION_LEVEL = 0;
				GCC_PREPROCESSOR_DEFINITIONS = (
					"DEBUG=1",
					"$(inherited)",
				);
				GCC_SYMBOLS_PRIVATE_EXTERN = NO;
				GCC_WARN_64_TO_32_BIT_CONVERSION = YES;
				GCC_WARN_ABOUT_RETURN_TYPE = YES_ERROR;
				GCC_WARN_UNDECLARED_SELECTOR = YES;
				GCC_WARN_UNINITIALIZED_AUTOS = YES_AGGRESSIVE;
				GCC_WARN_UNUSED_FUNCTION = YES;
				GCC_WARN_UNUSED_VARIABLE = YES;
				IPHONEOS_DEPLOYMENT_TARGET = 8.3;
				MTL_ENABLE_DEBUG_INFO = YES;
				ONLY_ACTIVE_ARCH = YES;
				SDKROOT = iphoneos;
				SWIFT_OPTIMIZATION_LEVEL = "-Onone";
				TARGETED_DEVICE_FAMILY = "1,2";
			};
			name = Debug;
		};
		DE8F2B681B2759B400356AE7 /* Release */ = {
			isa = XCBuildConfiguration;
			buildSettings = {
				ALWAYS_SEARCH_USER_PATHS = NO;
				CLANG_CXX_LANGUAGE_STANDARD = "gnu++0x";
				CLANG_CXX_LIBRARY = "libc++";
				CLANG_ENABLE_MODULES = YES;
				CLANG_ENABLE_OBJC_ARC = YES;
				CLANG_WARN_BOOL_CONVERSION = YES;
				CLANG_WARN_CONSTANT_CONVERSION = YES;
				CLANG_WARN_DIRECT_OBJC_ISA_USAGE = YES_ERROR;
				CLANG_WARN_EMPTY_BODY = YES;
				CLANG_WARN_ENUM_CONVERSION = YES;
				CLANG_WARN_INT_CONVERSION = YES;
				CLANG_WARN_OBJC_ROOT_CLASS = YES_ERROR;
				CLANG_WARN_UNREACHABLE_CODE = YES;
				CLANG_WARN__DUPLICATE_METHOD_MATCH = YES;
				"CODE_SIGN_IDENTITY[sdk=iphoneos*]" = "iPhone Developer";
				COPY_PHASE_STRIP = NO;
				DEBUG_INFORMATION_FORMAT = "dwarf-with-dsym";
				ENABLE_NS_ASSERTIONS = NO;
				ENABLE_STRICT_OBJC_MSGSEND = YES;
				GCC_C_LANGUAGE_STANDARD = gnu99;
				GCC_NO_COMMON_BLOCKS = YES;
				GCC_WARN_64_TO_32_BIT_CONVERSION = YES;
				GCC_WARN_ABOUT_RETURN_TYPE = YES_ERROR;
				GCC_WARN_UNDECLARED_SELECTOR = YES;
				GCC_WARN_UNINITIALIZED_AUTOS = YES_AGGRESSIVE;
				GCC_WARN_UNUSED_FUNCTION = YES;
				GCC_WARN_UNUSED_VARIABLE = YES;
				IPHONEOS_DEPLOYMENT_TARGET = 8.3;
				MTL_ENABLE_DEBUG_INFO = NO;
				SDKROOT = iphoneos;
				TARGETED_DEVICE_FAMILY = "1,2";
				VALIDATE_PRODUCT = YES;
			};
			name = Release;
		};
		DE8F2B6A1B2759B400356AE7 /* Debug */ = {
			isa = XCBuildConfiguration;
			buildSettings = {
				ASSETCATALOG_COMPILER_APPICON_NAME = AppIcon;
				INFOPLIST_FILE = ticTacToe/Info.plist;
				LD_RUNPATH_SEARCH_PATHS = "$(inherited) @executable_path/Frameworks";
				PRODUCT_NAME = "$(TARGET_NAME)";
			};
			name = Debug;
		};
		DE8F2B6B1B2759B400356AE7 /* Release */ = {
			isa = XCBuildConfiguration;
			buildSettings = {
				ASSETCATALOG_COMPILER_APPICON_NAME = AppIcon;
				INFOPLIST_FILE = ticTacToe/Info.plist;
				LD_RUNPATH_SEARCH_PATHS = "$(inherited) @executable_path/Frameworks";
				PRODUCT_NAME = "$(TARGET_NAME)";
			};
			name = Release;
		};
		DE8F2B6D1B2759B400356AE7 /* Debug */ = {
			isa = XCBuildConfiguration;
			buildSettings = {
				BUNDLE_LOADER = "$(TEST_HOST)";
				FRAMEWORK_SEARCH_PATHS = (
					"$(SDKROOT)/Developer/Library/Frameworks",
					"$(inherited)",
				);
				GCC_PREPROCESSOR_DEFINITIONS = (
					"DEBUG=1",
					"$(inherited)",
				);
				INFOPLIST_FILE = ticTacToeTests/Info.plist;
				LD_RUNPATH_SEARCH_PATHS = "$(inherited) @executable_path/Frameworks @loader_path/Frameworks";
				PRODUCT_NAME = "$(TARGET_NAME)";
				TEST_HOST = "$(BUILT_PRODUCTS_DIR)/ticTacToe.app/ticTacToe";
			};
			name = Debug;
		};
		DE8F2B6E1B2759B400356AE7 /* Release */ = {
			isa = XCBuildConfiguration;
			buildSettings = {
				BUNDLE_LOADER = "$(TEST_HOST)";
				FRAMEWORK_SEARCH_PATHS = (
					"$(SDKROOT)/Developer/Library/Frameworks",
					"$(inherited)",
				);
				INFOPLIST_FILE = ticTacToeTests/Info.plist;
				LD_RUNPATH_SEARCH_PATHS = "$(inherited) @executable_path/Frameworks @loader_path/Frameworks";
				PRODUCT_NAME = "$(TARGET_NAME)";
				TEST_HOST = "$(BUILT_PRODUCTS_DIR)/ticTacToe.app/ticTacToe";
			};
			name = Release;
		};
/* End XCBuildConfiguration section */

/* Begin XCConfigurationList section */
		DE8F2B451B2759B400356AE7 /* Build configuration list for PBXProject "ticTacToe" */ = {
			isa = XCConfigurationList;
			buildConfigurations = (
				DE8F2B671B2759B400356AE7 /* Debug */,
				DE8F2B681B2759B400356AE7 /* Release */,
			);
			defaultConfigurationIsVisible = 0;
			defaultConfigurationName = Release;
		};
		DE8F2B691B2759B400356AE7 /* Build configuration list for PBXNativeTarget "ticTacToe" */ = {
			isa = XCConfigurationList;
			buildConfigurations = (
				DE8F2B6A1B2759B400356AE7 /* Debug */,
				DE8F2B6B1B2759B400356AE7 /* Release */,
			);
			defaultConfigurationIsVisible = 0;
			defaultConfigurationName = Release;
		};
		DE8F2B6C1B2759B400356AE7 /* Build configuration list for PBXNativeTarget "ticTacToeTests" */ = {
			isa = XCConfigurationList;
			buildConfigurations = (
				DE8F2B6D1B2759B400356AE7 /* Debug */,
				DE8F2B6E1B2759B400356AE7 /* Release */,
			);
			defaultConfigurationIsVisible = 0;
			defaultConfigurationName = Release;
		};
/* End XCConfigurationList section */
	};
	rootObject = DE8F2B421B2759B400356AE7 /* Project object */;
}
